# THIS IS AN AUTOGENERATED FILE. DO NOT EDIT THIS FILE DIRECTLY.
# yarn lockfile v1


"@rails/actiontext@^6.0.0-beta1":
  version "6.0.0-beta1"
  resolved "https://registry.yarnpkg.com/@rails/actiontext/-/actiontext-6.0.0-beta1.tgz#26e70f1059e7d5f67e29480eedcab40d4e92dd21"
  integrity sha512-5eCLcUJq2o7vciklGQT4IJEETqIXZoSpjDQs7X2fgrJw0A+L5S0LqnuzEgv8yEhuheA4mTpqGBn69tc/x1zF/Q==
  dependencies:
    "@rails/activestorage" "^6.0.0-alpha"

"@rails/activestorage@^6.0.0-alpha":
  version "6.0.0-alpha"
  resolved "https://registry.yarnpkg.com/@rails/activestorage/-/activestorage-6.0.0-alpha.tgz#6eb6c0f49bcaa4ad68fcd13a750b9a17f76f086f"
  integrity sha512-ZQneYyDWrazLFZgyfZ3G4h9Q+TxvSQE5BEenBhvusyAeYMVaYxrZU/PWFcbeyiQe5xz1SeN3g/UejU3ytCYJwQ==
  dependencies:
    spark-md5 "^3.0.0"

"@rails/ujs@^6.0.0-alpha":
  version "6.0.0-alpha"
  resolved "https://registry.yarnpkg.com/@rails/ujs/-/ujs-6.0.0-alpha.tgz#d5761d93e19215f5f342229f934d5ca8f6dd22a5"
  integrity sha512-6AZcab77PeJQv8RdfryDYh6tAGcndcRnqYaciLiFclADBPFE9Ip978pGCPiKcKGgCg8S1P1nZII+1GNIrUrx+g==

spark-md5@^3.0.0:
  version "3.0.0"
  resolved "https://registry.yarnpkg.com/spark-md5/-/spark-md5-3.0.0.tgz#3722227c54e2faf24b1dc6d933cc144e6f71bfef"
  integrity sha1-NyIifFTi+vJLHcbZM8wUTm9xv+8=

trix@^1.0.0:
  version "1.0.0"
  resolved "https://registry.yarnpkg.com/trix/-/trix-1.0.0.tgz#e9cc98cf6030c908f8d54e317b5b072f927b0c6b"
  integrity sha512-feli9QVXe6gzZOCUfpPGpNDURW9jMciIRVQ5gkDudOctcA1oMtI5K/qEbsL2rFCoGl1rSoeRt+HPhIFGyQscKg==

turbolinks@^5.2.0:
  version "5.2.0"
  resolved "https://registry.yarnpkg.com/turbolinks/-/turbolinks-5.2.0.tgz#e6877a55ea5c1cb3bb225f0a4ae303d6d32ff77c"
  integrity sha512-pMiez3tyBo6uRHFNNZoYMmrES/IaGgMhQQM+VFF36keryjb5ms0XkVpmKHkfW/4Vy96qiGW3K9bz0tF5sK9bBw==
